
Microsoft Visual Studio Solution File, Format Version 12.00
# Visual Studio Version 17
VisualStudioVersion = 17.8.34408.163
MinimumVisualStudioVersion = 10.0.40219.1
Project("{F184B08F-C81C-45F6-A57F-5ABD9991F28F}") = "ColorUtil", "ColorUtil.vbproj", "{24CC2B23-0D53-4C50-B27A-7726DBC2735E}"
EndProject
Global
	GlobalSection(SolutionConfigurationPlatforms) = preSolution
		Debug|Any CPU = Debug|Any CPU
		Release|Any CPU = Release|Any CPU
	EndGlobalSection
	GlobalSection(ProjectConfigurationPlatforms) = postSolution
		{24CC2B23-0D53-4C50-B27A-7726DBC2735E}.Debug|Any CPU.ActiveCfg = Debug|Any CPU
		{24CC2B23-0D53-4C50-B27A-7726DBC2735E}.Debug|Any CPU.Build.0 = Debug|Any CPU
		{24CC2B23-0D53-4C50-B27A-7726DBC2735E}.Release|Any CPU.ActiveCfg = Release|Any CPU
		{24CC2B23-0D53-4C50-B27A-7726DBC2735E}.Release|Any CPU.Build.0 = Release|Any CPU
	EndGlobalSection
	GlobalSection(SolutionProperties) = preSolution
		HideSolutionNode = FALSE
	EndGlobalSection
	GlobalSection(ExtensibilityGlobals) = postSolution
		SolutionGuid = {C2EB5ACC-B526-47AF-8F3D-8C2F892B5E58}
	EndGlobalSection
EndGlobal
